{
  "name": "extension-fs",
  "version": "0.7.4",
  "lockfileVersion": 1,
  "requires": true,
  "dependencies": {
    "nan": {
      "version": "2.13.2",
      "resolved": "https://registry.npmjs.org/nan/-/nan-2.13.2.tgz",
      "integrity": "sha512-TghvYc72wlMGMVMluVo9WRJc0mB8KxxF/gZ4YYFy7V2ZQX9l7rgbPg7vjS9mt6U5HXODVFVI2bOduCzwOMv/lw=="
    },
    "nan-async": {
      "version": "0.0.1",
      "resolved": "https://registry.npmjs.org/nan-async/-/nan-async-0.0.1.tgz",
      "integrity": "sha512-rq1Wkv/FAJOkwu8gxkD1FOc44Fp73+bSuuT6ziA7zo9pa2RKJBbtEcBEakUA8ajhAu8A+RIWSr8XtsF768RX8g==",
      "requires": {
        "nan": "^2.13.2"
      }
    }
  }
}
